
Microsoft Visual Studio Solution File, Format Version 12.00
# Visual Studio Version 17
VisualStudioVersion = 17.1.32210.238
MinimumVisualStudioVersion = 10.0.40219.1
Project("{8BC9CEB8-8B4A-11D0-8D11-00A0C91BC942}") = "Laborator2-Iterated first try", "Laborator2-Iterated first try.vcxproj", "{08868596-06D2-4566-A262-6C707EF0B24C}"
EndProject
Global
	GlobalSection(SolutionConfigurationPlatforms) = preSolution
		Debug|x64 = Debug|x64
		Debug|x86 = Debug|x86
		Release|x64 = Release|x64
		Release|x86 = Release|x86
	EndGlobalSection
	GlobalSection(ProjectConfigurationPlatforms) = postSolution
		{08868596-06D2-4566-A262-6C707EF0B24C}.Debug|x64.ActiveCfg = Debug|x64
		{08868596-06D2-4566-A262-6C707EF0B24C}.Debug|x64.Build.0 = Debug|x64
		{08868596-06D2-4566-A262-6C707EF0B24C}.Debug|x86.ActiveCfg = Debug|Win32
		{08868596-06D2-4566-A262-6C707EF0B24C}.Debug|x86.Build.0 = Debug|Win32
		{08868596-06D2-4566-A262-6C707EF0B24C}.Release|x64.ActiveCfg = Release|x64
		{08868596-06D2-4566-A262-6C707EF0B24C}.Release|x64.Build.0 = Release|x64
		{08868596-06D2-4566-A262-6C707EF0B24C}.Release|x86.ActiveCfg = Release|Win32
		{08868596-06D2-4566-A262-6C707EF0B24C}.Release|x86.Build.0 = Release|Win32
	EndGlobalSection
	GlobalSection(SolutionProperties) = preSolution
		HideSolutionNode = FALSE
	EndGlobalSection
	GlobalSection(ExtensibilityGlobals) = postSolution
		SolutionGuid = {17823FFC-EEF1-425D-A07E-F93E870D029B}
	EndGlobalSection
EndGlobal
